
Microsoft Visual Studio Solution File, Format Version 12.00
# Visual Studio Version 17
VisualStudioVersion = 17.2.32630.192
MinimumVisualStudioVersion = 10.0.40219.1
Project("{FAE04EC0-301F-11D3-BF4B-00C04F79EFBC}") = "OnlineMenu.Web", "OnlineMenu\OnlineMenu.Web.csproj", "{40EA6F77-7989-469D-93FC-27471980192C}"
EndProject
Project("{FAE04EC0-301F-11D3-BF4B-00C04F79EFBC}") = "OnlineMenu.Data", "OnlineMenu.Data\OnlineMenu.Data.csproj", "{4F4B9B78-9DBC-496F-B020-DAE61F249128}"
EndProject
Project("{FAE04EC0-301F-11D3-BF4B-00C04F79EFBC}") = "OnlineMenu.Model", "OnlineMenu.Model\OnlineMenu.Model.csproj", "{55FA4676-88A2-4A98-82A6-33B2B2AEFF6F}"
EndProject
Project("{FAE04EC0-301F-11D3-BF4B-00C04F79EFBC}") = "OnlineMenu.Service", "OnlineMenu.Service\OnlineMenu.Service.csproj", "{31B9373E-795F-41C6-98C1-FC61A864D010}"
EndProject
Global
	GlobalSection(SolutionConfigurationPlatforms) = preSolution
		Debug|Any CPU = Debug|Any CPU
		Release|Any CPU = Release|Any CPU
	EndGlobalSection
	GlobalSection(ProjectConfigurationPlatforms) = postSolution
		{40EA6F77-7989-469D-93FC-27471980192C}.Debug|Any CPU.ActiveCfg = Debug|Any CPU
		{40EA6F77-7989-469D-93FC-27471980192C}.Debug|Any CPU.Build.0 = Debug|Any CPU
		{40EA6F77-7989-469D-93FC-27471980192C}.Release|Any CPU.ActiveCfg = Release|Any CPU
		{40EA6F77-7989-469D-93FC-27471980192C}.Release|Any CPU.Build.0 = Release|Any CPU
		{4F4B9B78-9DBC-496F-B020-DAE61F249128}.Debug|Any CPU.ActiveCfg = Debug|Any CPU
		{4F4B9B78-9DBC-496F-B020-DAE61F249128}.Debug|Any CPU.Build.0 = Debug|Any CPU
		{4F4B9B78-9DBC-496F-B020-DAE61F249128}.Release|Any CPU.ActiveCfg = Release|Any CPU
		{4F4B9B78-9DBC-496F-B020-DAE61F249128}.Release|Any CPU.Build.0 = Release|Any CPU
		{55FA4676-88A2-4A98-82A6-33B2B2AEFF6F}.Debug|Any CPU.ActiveCfg = Debug|Any CPU
		{55FA4676-88A2-4A98-82A6-33B2B2AEFF6F}.Debug|Any CPU.Build.0 = Debug|Any CPU
		{55FA4676-88A2-4A98-82A6-33B2B2AEFF6F}.Release|Any CPU.ActiveCfg = Release|Any CPU
		{55FA4676-88A2-4A98-82A6-33B2B2AEFF6F}.Release|Any CPU.Build.0 = Release|Any CPU
		{31B9373E-795F-41C6-98C1-FC61A864D010}.Debug|Any CPU.ActiveCfg = Debug|Any CPU
		{31B9373E-795F-41C6-98C1-FC61A864D010}.Debug|Any CPU.Build.0 = Debug|Any CPU
		{31B9373E-795F-41C6-98C1-FC61A864D010}.Release|Any CPU.ActiveCfg = Release|Any CPU
		{31B9373E-795F-41C6-98C1-FC61A864D010}.Release|Any CPU.Build.0 = Release|Any CPU
	EndGlobalSection
	GlobalSection(SolutionProperties) = preSolution
		HideSolutionNode = FALSE
	EndGlobalSection
	GlobalSection(ExtensibilityGlobals) = postSolution
		SolutionGuid = {91516D8F-F90E-4C3F-B99E-CD63EBD0A06C}
	EndGlobalSection
EndGlobal
